
Microsoft Visual Studio Solution File, Format Version 12.00
# Visual Studio Version 17
VisualStudioVersion = 17.4.33103.184
MinimumVisualStudioVersion = 10.0.40219.1
Project("{FAE04EC0-301F-11D3-BF4B-00C04F79EFBC}") = "ITStoreApi", "ITStoreApi\ITStoreApi.csproj", "{BB151723-32A3-4C51-8C6D-1A1C79A9DE41}"
EndProject
Global
	GlobalSection(SolutionConfigurationPlatforms) = preSolution
		Debug|Any CPU = Debug|Any CPU
		Release|Any CPU = Release|Any CPU
	EndGlobalSection
	GlobalSection(ProjectConfigurationPlatforms) = postSolution
		{BB151723-32A3-4C51-8C6D-1A1C79A9DE41}.Debug|Any CPU.ActiveCfg = Debug|Any CPU
		{BB151723-32A3-4C51-8C6D-1A1C79A9DE41}.Debug|Any CPU.Build.0 = Debug|Any CPU
		{BB151723-32A3-4C51-8C6D-1A1C79A9DE41}.Release|Any CPU.ActiveCfg = Release|Any CPU
		{BB151723-32A3-4C51-8C6D-1A1C79A9DE41}.Release|Any CPU.Build.0 = Release|Any CPU
	EndGlobalSection
	GlobalSection(SolutionProperties) = preSolution
		HideSolutionNode = FALSE
	EndGlobalSection
	GlobalSection(ExtensibilityGlobals) = postSolution
		SolutionGuid = {A513C39F-AF62-492F-8C61-490BD6C25E44}
	EndGlobalSection
EndGlobal
